// !$*UTF8*$!
{
	archiveVersion = 1;
	classes = {
	};
	objectVersion = 56;
	objects = {

/* Begin PBXBuildFile section */
		6B77F14D2A4229270031EE95 /* DessertDetailsView.swift in Sources */ = {isa = PBXBuildFile; fileRef = 6B77F14C2A4229270031EE95 /* DessertDetailsView.swift */; };
		6BC2950A2A41E860002A16C6 /* Sweet_Desserts_SwiftUIApp.swift in Sources */ = {isa = PBXBuildFile; fileRef = 6BC295092A41E860002A16C6 /* Sweet_Desserts_SwiftUIApp.swift */; };
		6BC2950E2A41E861002A16C6 /* Assets.xcassets in Resources */ = {isa = PBXBuildFile; fileRef = 6BC2950D2A41E861002A16C6 /* Assets.xcassets */; };
		6BC295112A41E861002A16C6 /* Preview Assets.xcassets in Resources */ = {isa = PBXBuildFile; fileRef = 6BC295102A41E861002A16C6 /* Preview Assets.xcassets */; };
		6BC295192A41EAD1002A16C6 /* AppMainView.swift in Sources */ = {isa = PBXBuildFile; fileRef = 6BC295182A41EAD1002A16C6 /* AppMainView.swift */; };
		6BC2951B2A41EAE0002A16C6 /* DessertDetailsViewBACKUP.swift in Sources */ = {isa = PBXBuildFile; fileRef = 6BC2951A2A41EAE0002A16C6 /* DessertDetailsViewBACKUP.swift */; };
		6BC2951E2A41EAF5002A16C6 /* DessertListView.swift in Sources */ = {isa = PBXBuildFile; fileRef = 6BC2951D2A41EAF5002A16C6 /* DessertListView.swift */; };
		6BC295202A41EB3C002A16C6 /* DessertCell.swift in Sources */ = {isa = PBXBuildFile; fileRef = 6BC2951F2A41EB3C002A16C6 /* DessertCell.swift */; };
		6BC295222A41EB54002A16C6 /* LoadingView.swift in Sources */ = {isa = PBXBuildFile; fileRef = 6BC295212A41EB54002A16C6 /* LoadingView.swift */; };
		6BC295252A41EB85002A16C6 /* LoginUserView.swift in Sources */ = {isa = PBXBuildFile; fileRef = 6BC295242A41EB85002A16C6 /* LoginUserView.swift */; };
		6BC295272A41EB94002A16C6 /* RegisterUserView.swift in Sources */ = {isa = PBXBuildFile; fileRef = 6BC295262A41EB94002A16C6 /* RegisterUserView.swift */; };
		6BC295292A41EBA3002A16C6 /* ProfileUserView.swift in Sources */ = {isa = PBXBuildFile; fileRef = 6BC295282A41EBA3002A16C6 /* ProfileUserView.swift */; };
		6BC2952B2A41EBB2002A16C6 /* SignInAndUpUserView.swift in Sources */ = {isa = PBXBuildFile; fileRef = 6BC2952A2A41EBB2002A16C6 /* SignInAndUpUserView.swift */; };
		6BC2952E2A41EC0A002A16C6 /* FavoriteDessertsView.swift in Sources */ = {isa = PBXBuildFile; fileRef = 6BC2952D2A41EC0A002A16C6 /* FavoriteDessertsView.swift */; };
		6BC295312A41EC78002A16C6 /* DessertListViewModel.swift in Sources */ = {isa = PBXBuildFile; fileRef = 6BC295302A41EC78002A16C6 /* DessertListViewModel.swift */; };
		6BC295332A41EC9F002A16C6 /* UserManagerViewModel.swift in Sources */ = {isa = PBXBuildFile; fileRef = 6BC295322A41EC9F002A16C6 /* UserManagerViewModel.swift */; };
		6BC295362A41ECEC002A16C6 /* DessertRemoteImageView.swift in Sources */ = {isa = PBXBuildFile; fileRef = 6BC295352A41ECEC002A16C6 /* DessertRemoteImageView.swift */; };
		6BC295382A41ECFA002A16C6 /* AlertItems.swift in Sources */ = {isa = PBXBuildFile; fileRef = 6BC295372A41ECFA002A16C6 /* AlertItems.swift */; };
		6BC2953A2A41ED1B002A16C6 /* APError.swift in Sources */ = {isa = PBXBuildFile; fileRef = 6BC295392A41ED1B002A16C6 /* APError.swift */; };
		6BC2953C2A41ED2B002A16C6 /* NetworkManagerInUIKit.swift in Sources */ = {isa = PBXBuildFile; fileRef = 6BC2953B2A41ED2B002A16C6 /* NetworkManagerInUIKit.swift */; };
		6BC2953E2A41ED3A002A16C6 /* NetworkManagerInSwiftUI.swift in Sources */ = {isa = PBXBuildFile; fileRef = 6BC2953D2A41ED3A002A16C6 /* NetworkManagerInSwiftUI.swift */; };
		6BC295412A41ED5E002A16C6 /* Dessert.swift in Sources */ = {isa = PBXBuildFile; fileRef = 6BC295402A41ED5E002A16C6 /* Dessert.swift */; };
		6BC295432A41ED72002A16C6 /* User.swift in Sources */ = {isa = PBXBuildFile; fileRef = 6BC295422A41ED72002A16C6 /* User.swift */; };
/* End PBXBuildFile section */

/* Begin PBXFileReference section */
		6B77F14C2A4229270031EE95 /* DessertDetailsView.swift */ = {isa = PBXFileReference; lastKnownFileType = sourcecode.swift; path = DessertDetailsView.swift; sourceTree = "<group>"; };
		6BC295062A41E860002A16C6 /* Sweet Desserts SwiftUI.app */ = {isa = PBXFileReference; explicitFileType = wrapper.application; includeInIndex = 0; path = "Sweet Desserts SwiftUI.app"; sourceTree = BUILT_PRODUCTS_DIR; };
		6BC295092A41E860002A16C6 /* Sweet_Desserts_SwiftUIApp.swift */ = {isa = PBXFileReference; lastKnownFileType = sourcecode.swift; path = Sweet_Desserts_SwiftUIApp.swift; sourceTree = "<group>"; };
		6BC2950D2A41E861002A16C6 /* Assets.xcassets */ = {isa = PBXFileReference; lastKnownFileType = folder.assetcatalog; path = Assets.xcassets; sourceTree = "<group>"; };
		6BC295102A41E861002A16C6 /* Preview Assets.xcassets */ = {isa = PBXFileReference; lastKnownFileType = folder.assetcatalog; path = "Preview Assets.xcassets"; sourceTree = "<group>"; };
		6BC295182A41EAD1002A16C6 /* AppMainView.swift */ = {isa = PBXFileReference; lastKnownFileType = sourcecode.swift; path = AppMainView.swift; sourceTree = "<group>"; };
		6BC2951A2A41EAE0002A16C6 /* DessertDetailsViewBACKUP.swift */ = {isa = PBXFileReference; lastKnownFileType = sourcecode.swift; path = DessertDetailsViewBACKUP.swift; sourceTree = "<group>"; };
		6BC2951D2A41EAF5002A16C6 /* DessertListView.swift */ = {isa = PBXFileReference; lastKnownFileType = sourcecode.swift; path = DessertListView.swift; sourceTree = "<group>"; };
		6BC2951F2A41EB3C002A16C6 /* DessertCell.swift */ = {isa = PBXFileReference; lastKnownFileType = sourcecode.swift; path = DessertCell.swift; sourceTree = "<group>"; };
		6BC295212A41EB54002A16C6 /* LoadingView.swift */ = {isa = PBXFileReference; lastKnownFileType = sourcecode.swift; path = LoadingView.swift; sourceTree = "<group>"; };
		6BC295242A41EB85002A16C6 /* LoginUserView.swift */ = {isa = PBXFileReference; lastKnownFileType = sourcecode.swift; path = LoginUserView.swift; sourceTree = "<group>"; };
		6BC295262A41EB94002A16C6 /* RegisterUserView.swift */ = {isa = PBXFileReference; lastKnownFileType = sourcecode.swift; path = RegisterUserView.swift; sourceTree = "<group>"; };
		6BC295282A41EBA3002A16C6 /* ProfileUserView.swift */ = {isa = PBXFileReference; lastKnownFileType = sourcecode.swift; path = ProfileUserView.swift; sourceTree = "<group>"; };
		6BC2952A2A41EBB2002A16C6 /* SignInAndUpUserView.swift */ = {isa = PBXFileReference; lastKnownFileType = sourcecode.swift; path = SignInAndUpUserView.swift; sourceTree = "<group>"; };
		6BC2952D2A41EC0A002A16C6 /* FavoriteDessertsView.swift */ = {isa = PBXFileReference; lastKnownFileType = sourcecode.swift; path = FavoriteDessertsView.swift; sourceTree = "<group>"; };
		6BC295302A41EC78002A16C6 /* DessertListViewModel.swift */ = {isa = PBXFileReference; lastKnownFileType = sourcecode.swift; path = DessertListViewModel.swift; sourceTree = "<group>"; };
		6BC295322A41EC9F002A16C6 /* UserManagerViewModel.swift */ = {isa = PBXFileReference; lastKnownFileType = sourcecode.swift; path = UserManagerViewModel.swift; sourceTree = "<group>"; };
		6BC295352A41ECEC002A16C6 /* DessertRemoteImageView.swift */ = {isa = PBXFileReference; lastKnownFileType = sourcecode.swift; path = DessertRemoteImageView.swift; sourceTree = "<group>"; };
		6BC295372A41ECFA002A16C6 /* AlertItems.swift */ = {isa = PBXFileReference; lastKnownFileType = sourcecode.swift; path = AlertItems.swift; sourceTree = "<group>"; };
		6BC295392A41ED1B002A16C6 /* APError.swift */ = {isa = PBXFileReference; lastKnownFileType = sourcecode.swift; path = APError.swift; sourceTree = "<group>"; };
		6BC2953B2A41ED2B002A16C6 /* NetworkManagerInUIKit.swift */ = {isa = PBXFileReference; lastKnownFileType = sourcecode.swift; path = NetworkManagerInUIKit.swift; sourceTree = "<group>"; };
		6BC2953D2A41ED3A002A16C6 /* NetworkManagerInSwiftUI.swift */ = {isa = PBXFileReference; lastKnownFileType = sourcecode.swift; path = NetworkManagerInSwiftUI.swift; sourceTree = "<group>"; };
		6BC295402A41ED5E002A16C6 /* Dessert.swift */ = {isa = PBXFileReference; lastKnownFileType = sourcecode.swift; path = Dessert.swift; sourceTree = "<group>"; };
		6BC295422A41ED72002A16C6 /* User.swift */ = {isa = PBXFileReference; lastKnownFileType = sourcecode.swift; path = User.swift; sourceTree = "<group>"; };
/* End PBXFileReference section */

/* Begin PBXFrameworksBuildPhase section */
		6BC295032A41E860002A16C6 /* Frameworks */ = {
			isa = PBXFrameworksBuildPhase;
			buildActionMask = 2147483647;
			files = (
			);
			runOnlyForDeploymentPostprocessing = 0;
		};
/* End PBXFrameworksBuildPhase section */

/* Begin PBXGroup section */
		6BC294FD2A41E860002A16C6 = {
			isa = PBXGroup;
			children = (
				6BC295082A41E860002A16C6 /* Sweet Desserts SwiftUI */,
				6BC295072A41E860002A16C6 /* Products */,
			);
			sourceTree = "<group>";
		};
		6BC295072A41E860002A16C6 /* Products */ = {
			isa = PBXGroup;
			children = (
				6BC295062A41E860002A16C6 /* Sweet Desserts SwiftUI.app */,
			);
			name = Products;
			sourceTree = "<group>";
		};
		6BC295082A41E860002A16C6 /* Sweet Desserts SwiftUI */ = {
			isa = PBXGroup;
			children = (
				6BC295092A41E860002A16C6 /* Sweet_Desserts_SwiftUIApp.swift */,
				6BC295172A41EA3C002A16C6 /* Views */,
				6BC2952F2A41EC69002A16C6 /* ViewModels */,
				6BC2953F2A41ED53002A16C6 /* Models */,
				6BC295342A41ECDF002A16C6 /* Utilities */,
				6BC2950D2A41E861002A16C6 /* Assets.xcassets */,
				6BC2950F2A41E861002A16C6 /* Preview Content */,
			);
			path = "Sweet Desserts SwiftUI";
			sourceTree = "<group>";
		};
		6BC2950F2A41E861002A16C6 /* Preview Content */ = {
			isa = PBXGroup;
			children = (
				6BC295102A41E861002A16C6 /* Preview Assets.xcassets */,
			);
			path = "Preview Content";
			sourceTree = "<group>";
		};
		6BC295172A41EA3C002A16C6 /* Views */ = {
			isa = PBXGroup;
			children = (
				6BC2951C2A41EAE7002A16C6 /* HomeTab */,
				6BC2952C2A41EBFB002A16C6 /* FavoritesTab */,
				6BC295232A41EB75002A16C6 /* ProfileTab */,
				6BC295182A41EAD1002A16C6 /* AppMainView.swift */,
				6BC2951A2A41EAE0002A16C6 /* DessertDetailsViewBACKUP.swift */,
				6B77F14C2A4229270031EE95 /* DessertDetailsView.swift */,
			);
			path = Views;
			sourceTree = "<group>";
		};
		6BC2951C2A41EAE7002A16C6 /* HomeTab */ = {
			isa = PBXGroup;
			children = (
				6BC2951D2A41EAF5002A16C6 /* DessertListView.swift */,
				6BC2951F2A41EB3C002A16C6 /* DessertCell.swift */,
				6BC295212A41EB54002A16C6 /* LoadingView.swift */,
			);
			path = HomeTab;
			sourceTree = "<group>";
		};
		6BC295232A41EB75002A16C6 /* ProfileTab */ = {
			isa = PBXGroup;
			children = (
				6BC295242A41EB85002A16C6 /* LoginUserView.swift */,
				6BC295262A41EB94002A16C6 /* RegisterUserView.swift */,
				6BC295282A41EBA3002A16C6 /* ProfileUserView.swift */,
				6BC2952A2A41EBB2002A16C6 /* SignInAndUpUserView.swift */,
			);
			path = ProfileTab;
			sourceTree = "<group>";
		};
		6BC2952C2A41EBFB002A16C6 /* FavoritesTab */ = {
			isa = PBXGroup;
			children = (
				6BC2952D2A41EC0A002A16C6 /* FavoriteDessertsView.swift */,
			);
			path = FavoritesTab;
			sourceTree = "<group>";
		};
		6BC2952F2A41EC69002A16C6 /* ViewModels */ = {
			isa = PBXGroup;
			children = (
				6BC295302A41EC78002A16C6 /* DessertListViewModel.swift */,
				6BC295322A41EC9F002A16C6 /* UserManagerViewModel.swift */,
			);
			path = ViewModels;
			sourceTree = "<group>";
		};
		6BC295342A41ECDF002A16C6 /* Utilities */ = {
			isa = PBXGroup;
			children = (
				6BC295352A41ECEC002A16C6 /* DessertRemoteImageView.swift */,
				6BC295372A41ECFA002A16C6 /* AlertItems.swift */,
				6BC295392A41ED1B002A16C6 /* APError.swift */,
				6BC2953B2A41ED2B002A16C6 /* NetworkManagerInUIKit.swift */,
				6BC2953D2A41ED3A002A16C6 /* NetworkManagerInSwiftUI.swift */,
			);
			path = Utilities;
			sourceTree = "<group>";
		};
		6BC2953F2A41ED53002A16C6 /* Models */ = {
			isa = PBXGroup;
			children = (
				6BC295402A41ED5E002A16C6 /* Dessert.swift */,
				6BC295422A41ED72002A16C6 /* User.swift */,
			);
			path = Models;
			sourceTree = "<group>";
		};
/* End PBXGroup section */

/* Begin PBXNativeTarget section */
		6BC295052A41E860002A16C6 /* Sweet Desserts SwiftUI */ = {
			isa = PBXNativeTarget;
			buildConfigurationList = 6BC295142A41E861002A16C6 /* Build configuration list for PBXNativeTarget "Sweet Desserts SwiftUI" */;
			buildPhases = (
				6BC295022A41E860002A16C6 /* Sources */,
				6BC295032A41E860002A16C6 /* Frameworks */,
				6BC295042A41E860002A16C6 /* Resources */,
			);
			buildRules = (
			);
			dependencies = (
			);
			name = "Sweet Desserts SwiftUI";
			productName = "Sweet Desserts SwiftUI";
			productReference = 6BC295062A41E860002A16C6 /* Sweet Desserts SwiftUI.app */;
			productType = "com.apple.product-type.application";
		};
/* End PBXNativeTarget section */

/* Begin PBXProject section */
		6BC294FE2A41E860002A16C6 /* Project object */ = {
			isa = PBXProject;
			attributes = {
				BuildIndependentTargetsInParallel = 1;
				LastSwiftUpdateCheck = 1430;
				LastUpgradeCheck = 1430;
				TargetAttributes = {
					6BC295052A41E860002A16C6 = {
						CreatedOnToolsVersion = 14.3.1;
					};
				};
			};
			buildConfigurationList = 6BC295012A41E860002A16C6 /* Build configuration list for PBXProject "Sweet Desserts SwiftUI" */;
			compatibilityVersion = "Xcode 14.0";
			developmentRegion = en;
			hasScannedForEncodings = 0;
			knownRegions = (
				en,
				Base,
			);
			mainGroup = 6BC294FD2A41E860002A16C6;
			productRefGroup = 6BC295072A41E860002A16C6 /* Products */;
			projectDirPath = "";
			projectRoot = "";
			targets = (
				6BC295052A41E860002A16C6 /* Sweet Desserts SwiftUI */,
			);
		};
/* End PBXProject section */

/* Begin PBXResourcesBuildPhase section */
		6BC295042A41E860002A16C6 /* Resources */ = {
			isa = PBXResourcesBuildPhase;
			buildActionMask = 2147483647;
			files = (
				6BC295112A41E861002A16C6 /* Preview Assets.xcassets in Resources */,
				6BC2950E2A41E861002A16C6 /* Assets.xcassets in Resources */,
			);
			runOnlyForDeploymentPostprocessing = 0;
		};
/* End PBXResourcesBuildPhase section */

/* Begin PBXSourcesBuildPhase section */
		6BC295022A41E860002A16C6 /* Sources */ = {
			isa = PBXSourcesBuildPhase;
			buildActionMask = 2147483647;
			files = (
				6BC2952B2A41EBB2002A16C6 /* SignInAndUpUserView.swift in Sources */,
				6BC2953E2A41ED3A002A16C6 /* NetworkManagerInSwiftUI.swift in Sources */,
				6BC295272A41EB94002A16C6 /* RegisterUserView.swift in Sources */,
				6BC2951B2A41EAE0002A16C6 /* DessertDetailsViewBACKUP.swift in Sources */,
				6BC2953A2A41ED1B002A16C6 /* APError.swift in Sources */,
				6B77F14D2A4229270031EE95 /* DessertDetailsView.swift in Sources */,
				6BC2952E2A41EC0A002A16C6 /* FavoriteDessertsView.swift in Sources */,
				6BC2951E2A41EAF5002A16C6 /* DessertListView.swift in Sources */,
				6BC295332A41EC9F002A16C6 /* UserManagerViewModel.swift in Sources */,
				6BC295432A41ED72002A16C6 /* User.swift in Sources */,
				6BC2950A2A41E860002A16C6 /* Sweet_Desserts_SwiftUIApp.swift in Sources */,
				6BC295202A41EB3C002A16C6 /* DessertCell.swift in Sources */,
				6BC295312A41EC78002A16C6 /* DessertListViewModel.swift in Sources */,
				6BC295252A41EB85002A16C6 /* LoginUserView.swift in Sources */,
				6BC295412A41ED5E002A16C6 /* Dessert.swift in Sources */,
				6BC295292A41EBA3002A16C6 /* ProfileUserView.swift in Sources */,
				6BC295362A41ECEC002A16C6 /* DessertRemoteImageView.swift in Sources */,
				6BC2953C2A41ED2B002A16C6 /* NetworkManagerInUIKit.swift in Sources */,
				6BC295192A41EAD1002A16C6 /* AppMainView.swift in Sources */,
				6BC295222A41EB54002A16C6 /* LoadingView.swift in Sources */,
				6BC295382A41ECFA002A16C6 /* AlertItems.swift in Sources */,
			);
			runOnlyForDeploymentPostprocessing = 0;
		};
/* End PBXSourcesBuildPhase section */

/* Begin XCBuildConfiguration section */
		6BC295122A41E861002A16C6 /* Debug */ = {
			isa = XCBuildConfiguration;
			buildSettings = {
				ALWAYS_SEARCH_USER_PATHS = NO;
				CLANG_ANALYZER_NONNULL = YES;
				CLANG_ANALYZER_NUMBER_OBJECT_CONVERSION = YES_AGGRESSIVE;
				CLANG_CXX_LANGUAGE_STANDARD = "gnu++20";
				CLANG_ENABLE_MODULES = YES;
				CLANG_ENABLE_OBJC_ARC = YES;
				CLANG_ENABLE_OBJC_WEAK = YES;
				CLANG_WARN_BLOCK_CAPTURE_AUTORELEASING = YES;
				CLANG_WARN_BOOL_CONVERSION = YES;
				CLANG_WARN_COMMA = YES;
				CLANG_WARN_CONSTANT_CONVERSION = YES;
				CLANG_WARN_DEPRECATED_OBJC_IMPLEMENTATIONS = YES;
				CLANG_WARN_DIRECT_OBJC_ISA_USAGE = YES_ERROR;
				CLANG_WARN_DOCUMENTATION_COMMENTS = YES;
				CLANG_WARN_EMPTY_BODY = YES;
				CLANG_WARN_ENUM_CONVERSION = YES;
				CLANG_WARN_INFINITE_RECURSION = YES;
				CLANG_WARN_INT_CONVERSION = YES;
				CLANG_WARN_NON_LITERAL_NULL_CONVERSION = YES;
				CLANG_WARN_OBJC_IMPLICIT_RETAIN_SELF = YES;
				CLANG_WARN_OBJC_LITERAL_CONVERSION = YES;
				CLANG_WARN_OBJC_ROOT_CLASS = YES_ERROR;
				CLANG_WARN_QUOTED_INCLUDE_IN_FRAMEWORK_HEADER = YES;
				CLANG_WARN_RANGE_LOOP_ANALYSIS = YES;
				CLANG_WARN_STRICT_PROTOTYPES = YES;
				CLANG_WARN_SUSPICIOUS_MOVE = YES;
				CLANG_WARN_UNGUARDED_AVAILABILITY = YES_AGGRESSIVE;
				CLANG_WARN_UNREACHABLE_CODE = YES;
				CLANG_WARN__DUPLICATE_METHOD_MATCH = YES;
				COPY_PHASE_STRIP = NO;
				DEBUG_INFORMATION_FORMAT = dwarf;
				ENABLE_STRICT_OBJC_MSGSEND = YES;
				ENABLE_TESTABILITY = YES;
				GCC_C_LANGUAGE_STANDARD = gnu11;
				GCC_DYNAMIC_NO_PIC = NO;
				GCC_NO_COMMON_BLOCKS = YES;
				GCC_OPTIMIZATION_LEVEL = 0;
				GCC_PREPROCESSOR_DEFINITIONS = (
					"DEBUG=1",
					"$(inherited)",
				);
				GCC_WARN_64_TO_32_BIT_CONVERSION = YES;
				GCC_WARN_ABOUT_RETURN_TYPE = YES_ERROR;
				GCC_WARN_UNDECLARED_SELECTOR = YES;
				GCC_WARN_UNINITIALIZED_AUTOS = YES_AGGRESSIVE;
				GCC_WARN_UNUSED_FUNCTION = YES;
				GCC_WARN_UNUSED_VARIABLE = YES;
				IPHONEOS_DEPLOYMENT_TARGET = 16.4;
				MTL_ENABLE_DEBUG_INFO = INCLUDE_SOURCE;
				MTL_FAST_MATH = YES;
				ONLY_ACTIVE_ARCH = YES;
				SDKROOT = iphoneos;
				SWIFT_ACTIVE_COMPILATION_CONDITIONS = DEBUG;
				SWIFT_OPTIMIZATION_LEVEL = "-Onone";
			};
			name = Debug;
		};
		6BC295132A41E861002A16C6 /* Release */ = {
			isa = XCBuildConfiguration;
			buildSettings = {
				ALWAYS_SEARCH_USER_PATHS = NO;
				CLANG_ANALYZER_NONNULL = YES;
				CLANG_ANALYZER_NUMBER_OBJECT_CONVERSION = YES_AGGRESSIVE;
				CLANG_CXX_LANGUAGE_STANDARD = "gnu++20";
				CLANG_ENABLE_MODULES = YES;
				CLANG_ENABLE_OBJC_ARC = YES;
				CLANG_ENABLE_OBJC_WEAK = YES;
				CLANG_WARN_BLOCK_CAPTURE_AUTORELEASING = YES;
				CLANG_WARN_BOOL_CONVERSION = YES;
				CLANG_WARN_COMMA = YES;
				CLANG_WARN_CONSTANT_CONVERSION = YES;
				CLANG_WARN_DEPRECATED_OBJC_IMPLEMENTATIONS = YES;
				CLANG_WARN_DIRECT_OBJC_ISA_USAGE = YES_ERROR;
				CLANG_WARN_DOCUMENTATION_COMMENTS = YES;
				CLANG_WARN_EMPTY_BODY = YES;
				CLANG_WARN_ENUM_CONVERSION = YES;
				CLANG_WARN_INFINITE_RECURSION = YES;
				CLANG_WARN_INT_CONVERSION = YES;
				CLANG_WARN_NON_LITERAL_NULL_CONVERSION = YES;
				CLANG_WARN_OBJC_IMPLICIT_RETAIN_SELF = YES;
				CLANG_WARN_OBJC_LITERAL_CONVERSION = YES;
				CLANG_WARN_OBJC_ROOT_CLASS = YES_ERROR;
				CLANG_WARN_QUOTED_INCLUDE_IN_FRAMEWORK_HEADER = YES;
				CLANG_WARN_RANGE_LOOP_ANALYSIS = YES;
				CLANG_WARN_STRICT_PROTOTYPES = YES;
				CLANG_WARN_SUSPICIOUS_MOVE = YES;
				CLANG_WARN_UNGUARDED_AVAILABILITY = YES_AGGRESSIVE;
				CLANG_WARN_UNREACHABLE_CODE = YES;
				CLANG_WARN__DUPLICATE_METHOD_MATCH = YES;
				COPY_PHASE_STRIP = NO;
				DEBUG_INFORMATION_FORMAT = "dwarf-with-dsym";
				ENABLE_NS_ASSERTIONS = NO;
				ENABLE_STRICT_OBJC_MSGSEND = YES;
				GCC_C_LANGUAGE_STANDARD = gnu11;
				GCC_NO_COMMON_BLOCKS = YES;
				GCC_WARN_64_TO_32_BIT_CONVERSION = YES;
				GCC_WARN_ABOUT_RETURN_TYPE = YES_ERROR;
				GCC_WARN_UNDECLARED_SELECTOR = YES;
				GCC_WARN_UNINITIALIZED_AUTOS = YES_AGGRESSIVE;
				GCC_WARN_UNUSED_FUNCTION = YES;
				GCC_WARN_UNUSED_VARIABLE = YES;
				IPHONEOS_DEPLOYMENT_TARGET = 16.4;
				MTL_ENABLE_DEBUG_INFO = NO;
				MTL_FAST_MATH = YES;
				SDKROOT = iphoneos;
				SWIFT_COMPILATION_MODE = wholemodule;
				SWIFT_OPTIMIZATION_LEVEL = "-O";
				VALIDATE_PRODUCT = YES;
			};
			name = Release;
		};
		6BC295152A41E861002A16C6 /* Debug */ = {
			isa = XCBuildConfiguration;
			buildSettings = {
				ASSETCATALOG_COMPILER_APPICON_NAME = AppIcon;
				ASSETCATALOG_COMPILER_GLOBAL_ACCENT_COLOR_NAME = AccentColor;
				CODE_SIGN_STYLE = Automatic;
				CURRENT_PROJECT_VERSION = 1;
				DEVELOPMENT_ASSET_PATHS = "\"Sweet Desserts SwiftUI/Preview Content\"";
				DEVELOPMENT_TEAM = ZLPQA43SJV;
				ENABLE_PREVIEWS = YES;
				GENERATE_INFOPLIST_FILE = YES;
				INFOPLIST_KEY_CFBundleDisplayName = "Sweet Desserts";
				INFOPLIST_KEY_UIApplicationSceneManifest_Generation = YES;
				INFOPLIST_KEY_UIApplicationSupportsIndirectInputEvents = YES;
				INFOPLIST_KEY_UILaunchScreen_Generation = YES;
				INFOPLIST_KEY_UISupportedInterfaceOrientations_iPad = "UIInterfaceOrientationPortrait UIInterfaceOrientationPortraitUpsideDown UIInterfaceOrientationLandscapeLeft UIInterfaceOrientationLandscapeRight";
				INFOPLIST_KEY_UISupportedInterfaceOrientations_iPhone = "UIInterfaceOrientationPortrait UIInterfaceOrientationLandscapeLeft UIInterfaceOrientationLandscapeRight";
				LD_RUNPATH_SEARCH_PATHS = (
					"$(inherited)",
					"@executable_path/Frameworks",
				);
				MARKETING_VERSION = 1.0;
				PRODUCT_BUNDLE_IDENTIFIER = "CodingLime.Sweet-Desserts-SwiftUI";
				PRODUCT_NAME = "$(TARGET_NAME)";
				SWIFT_EMIT_LOC_STRINGS = YES;
				SWIFT_VERSION = 5.0;
				TARGETED_DEVICE_FAMILY = "1,2";
			};
			name = Debug;
		};
		6BC295162A41E861002A16C6 /* Release */ = {
			isa = XCBuildConfiguration;
			buildSettings = {
				ASSETCATALOG_COMPILER_APPICON_NAME = AppIcon;
				ASSETCATALOG_COMPILER_GLOBAL_ACCENT_COLOR_NAME = AccentColor;
				CODE_SIGN_STYLE = Automatic;
				CURRENT_PROJECT_VERSION = 1;
				DEVELOPMENT_ASSET_PATHS = "\"Sweet Desserts SwiftUI/Preview Content\"";
				DEVELOPMENT_TEAM = ZLPQA43SJV;
				ENABLE_PREVIEWS = YES;
				GENERATE_INFOPLIST_FILE = YES;
				INFOPLIST_KEY_CFBundleDisplayName = "Sweet Desserts";
				INFOPLIST_KEY_UIApplicationSceneManifest_Generation = YES;
				INFOPLIST_KEY_UIApplicationSupportsIndirectInputEvents = YES;
				INFOPLIST_KEY_UILaunchScreen_Generation = YES;
				INFOPLIST_KEY_UISupportedInterfaceOrientations_iPad = "UIInterfaceOrientationPortrait UIInterfaceOrientationPortraitUpsideDown UIInterfaceOrientationLandscapeLeft UIInterfaceOrientationLandscapeRight";
				INFOPLIST_KEY_UISupportedInterfaceOrientations_iPhone = "UIInterfaceOrientationPortrait UIInterfaceOrientationLandscapeLeft UIInterfaceOrientationLandscapeRight";
				LD_RUNPATH_SEARCH_PATHS = (
					"$(inherited)",
					"@executable_path/Frameworks",
				);
				MARKETING_VERSION = 1.0;
				PRODUCT_BUNDLE_IDENTIFIER = "CodingLime.Sweet-Desserts-SwiftUI";
				PRODUCT_NAME = "$(TARGET_NAME)";
				SWIFT_EMIT_LOC_STRINGS = YES;
				SWIFT_VERSION = 5.0;
				TARGETED_DEVICE_FAMILY = "1,2";
			};
			name = Release;
		};
/* End XCBuildConfiguration section */

/* Begin XCConfigurationList section */
		6BC295012A41E860002A16C6 /* Build configuration list for PBXProject "Sweet Desserts SwiftUI" */ = {
			isa = XCConfigurationList;
			buildConfigurations = (
				6BC295122A41E861002A16C6 /* Debug */,
				6BC295132A41E861002A16C6 /* Release */,
			);
			defaultConfigurationIsVisible = 0;
			defaultConfigurationName = Release;
		};
		6BC295142A41E861002A16C6 /* Build configuration list for PBXNativeTarget "Sweet Desserts SwiftUI" */ = {
			isa = XCConfigurationList;
			buildConfigurations = (
				6BC295152A41E861002A16C6 /* Debug */,
				6BC295162A41E861002A16C6 /* Release */,
			);
			defaultConfigurationIsVisible = 0;
			defaultConfigurationName = Release;
		};
/* End XCConfigurationList section */
	};
	rootObject = 6BC294FE2A41E860002A16C6 /* Project object */;
}
